// !$*UTF8*$!
{
	archiveVersion = 1;
	classes = {
	};
	objectVersion = 46;
	objects = {

/* Begin PBXBuildFile section */
		1A38ECC720D67ADA2D3197DB /* Pods_Pokedex.framework in Frameworks */ = {isa = PBXBuildFile; fileRef = 04339705C079BFDEA8DE4CAE /* Pods_Pokedex.framework */; };
		5BA74CD31F3F75EC00B5732F /* AppDelegate.swift in Sources */ = {isa = PBXBuildFile; fileRef = 5BA74CD21F3F75EC00B5732F /* AppDelegate.swift */; };
		5BA74CD51F3F75EC00B5732F /* ViewController.swift in Sources */ = {isa = PBXBuildFile; fileRef = 5BA74CD41F3F75EC00B5732F /* ViewController.swift */; };
		5BA74CD81F3F75EC00B5732F /* Main.storyboard in Resources */ = {isa = PBXBuildFile; fileRef = 5BA74CD61F3F75EC00B5732F /* Main.storyboard */; };
		5BA74CDA1F3F75EC00B5732F /* Assets.xcassets in Resources */ = {isa = PBXBuildFile; fileRef = 5BA74CD91F3F75EC00B5732F /* Assets.xcassets */; };
		5BA74CDD1F3F75EC00B5732F /* LaunchScreen.storyboard in Resources */ = {isa = PBXBuildFile; fileRef = 5BA74CDB1F3F75EC00B5732F /* LaunchScreen.storyboard */; };
		5BA74D011F3F77D400B5732F /* pokemon.csv in Resources */ = {isa = PBXBuildFile; fileRef = 5BA74D001F3F77D400B5732F /* pokemon.csv */; };
		5BA74D041F3F79E300B5732F /* Pokemon.swift in Sources */ = {isa = PBXBuildFile; fileRef = 5BA74D031F3F79E300B5732F /* Pokemon.swift */; };
		5BA74D071F3F7F0100B5732F /* PokeCell.swift in Sources */ = {isa = PBXBuildFile; fileRef = 5BA74D061F3F7F0100B5732F /* PokeCell.swift */; };
		5BA74D091F3F848900B5732F /* csv.swift in Sources */ = {isa = PBXBuildFile; fileRef = 5BA74D081F3F848900B5732F /* csv.swift */; };
		5BA74D0B1F3F893E00B5732F /* pokemon.ttf in Resources */ = {isa = PBXBuildFile; fileRef = 5BA74D0A1F3F893E00B5732F /* pokemon.ttf */; };
		5BA74D101F3F8A7700B5732F /* music.mp3 in Resources */ = {isa = PBXBuildFile; fileRef = 5BA74D0F1F3F8A7700B5732F /* music.mp3 */; };
		5BA74D121F3F8AF900B5732F /* music.png in Resources */ = {isa = PBXBuildFile; fileRef = 5BA74D111F3F8AF900B5732F /* music.png */; };
		5BA74D141F3F99FC00B5732F /* PokemonDetailVC.swift in Sources */ = {isa = PBXBuildFile; fileRef = 5BA74D131F3F99FC00B5732F /* PokemonDetailVC.swift */; };
		5BA74D161F3F9D7D00B5732F /* back.png in Resources */ = {isa = PBXBuildFile; fileRef = 5BA74D151F3F9D7D00B5732F /* back.png */; };
		5BA74D181F3FC20000B5732F /* Constants.swift in Sources */ = {isa = PBXBuildFile; fileRef = 5BA74D171F3FC20000B5732F /* Constants.swift */; };
/* End PBXBuildFile section */

/* Begin PBXFileReference section */
		04339705C079BFDEA8DE4CAE /* Pods_Pokedex.framework */ = {isa = PBXFileReference; explicitFileType = wrapper.framework; includeInIndex = 0; path = Pods_Pokedex.framework; sourceTree = BUILT_PRODUCTS_DIR; };
		53C08AF1674C2EC561ED9D16 /* Pods-Pokedex.debug.xcconfig */ = {isa = PBXFileReference; includeInIndex = 1; lastKnownFileType = text.xcconfig; name = "Pods-Pokedex.debug.xcconfig"; path = "Pods/Target Support Files/Pods-Pokedex/Pods-Pokedex.debug.xcconfig"; sourceTree = "<group>"; };
		5BA74CCF1F3F75EC00B5732F /* Pokedex.app */ = {isa = PBXFileReference; explicitFileType = wrapper.application; includeInIndex = 0; path = Pokedex.app; sourceTree = BUILT_PRODUCTS_DIR; };
		5BA74CD21F3F75EC00B5732F /* AppDelegate.swift */ = {isa = PBXFileReference; lastKnownFileType = sourcecode.swift; path = AppDelegate.swift; sourceTree = "<group>"; };
		5BA74CD41F3F75EC00B5732F /* ViewController.swift */ = {isa = PBXFileReference; lastKnownFileType = sourcecode.swift; path = ViewController.swift; sourceTree = "<group>"; };
		5BA74CD71F3F75EC00B5732F /* Base */ = {isa = PBXFileReference; lastKnownFileType = file.storyboard; name = Base; path = Base.lproj/Main.storyboard; sourceTree = "<group>"; };
		5BA74CD91F3F75EC00B5732F /* Assets.xcassets */ = {isa = PBXFileReference; lastKnownFileType = folder.assetcatalog; path = Assets.xcassets; sourceTree = "<group>"; };
		5BA74CDC1F3F75EC00B5732F /* Base */ = {isa = PBXFileReference; lastKnownFileType = file.storyboard; name = Base; path = Base.lproj/LaunchScreen.storyboard; sourceTree = "<group>"; };
		5BA74CDE1F3F75ED00B5732F /* Info.plist */ = {isa = PBXFileReference; lastKnownFileType = text.plist.xml; path = Info.plist; sourceTree = "<group>"; };
		5BA74D001F3F77D400B5732F /* pokemon.csv */ = {isa = PBXFileReference; fileEncoding = 4; lastKnownFileType = text; name = pokemon.csv; path = Pokedex/pokemon.csv; sourceTree = "<group>"; };
		5BA74D031F3F79E300B5732F /* Pokemon.swift */ = {isa = PBXFileReference; fileEncoding = 4; lastKnownFileType = sourcecode.swift; path = Pokemon.swift; sourceTree = "<group>"; };
		5BA74D061F3F7F0100B5732F /* PokeCell.swift */ = {isa = PBXFileReference; fileEncoding = 4; lastKnownFileType = sourcecode.swift; path = PokeCell.swift; sourceTree = "<group>"; };
		5BA74D081F3F848900B5732F /* csv.swift */ = {isa = PBXFileReference; fileEncoding = 4; lastKnownFileType = sourcecode.swift; path = csv.swift; sourceTree = "<group>"; };
		5BA74D0A1F3F893E00B5732F /* pokemon.ttf */ = {isa = PBXFileReference; lastKnownFileType = file; name = pokemon.ttf; path = Pokedex/pokemon.ttf; sourceTree = "<group>"; };
		5BA74D0F1F3F8A7700B5732F /* music.mp3 */ = {isa = PBXFileReference; lastKnownFileType = audio.mp3; path = music.mp3; sourceTree = "<group>"; };
		5BA74D111F3F8AF900B5732F /* music.png */ = {isa = PBXFileReference; lastKnownFileType = image.png; path = music.png; sourceTree = "<group>"; };
		5BA74D131F3F99FC00B5732F /* PokemonDetailVC.swift */ = {isa = PBXFileReference; fileEncoding = 4; lastKnownFileType = sourcecode.swift; path = PokemonDetailVC.swift; sourceTree = "<group>"; };
		5BA74D151F3F9D7D00B5732F /* back.png */ = {isa = PBXFileReference; lastKnownFileType = image.png; path = back.png; sourceTree = "<group>"; };
		5BA74D171F3FC20000B5732F /* Constants.swift */ = {isa = PBXFileReference; fileEncoding = 4; lastKnownFileType = sourcecode.swift; path = Constants.swift; sourceTree = "<group>"; };
		E7CC8C6166AD86E9E6632028 /* Pods-Pokedex.release.xcconfig */ = {isa = PBXFileReference; includeInIndex = 1; lastKnownFileType = text.xcconfig; name = "Pods-Pokedex.release.xcconfig"; path = "Pods/Target Support Files/Pods-Pokedex/Pods-Pokedex.release.xcconfig"; sourceTree = "<group>"; };
/* End PBXFileReference section */

/* Begin PBXFrameworksBuildPhase section */
		5BA74CCC1F3F75EC00B5732F /* Frameworks */ = {
			isa = PBXFrameworksBuildPhase;
			buildActionMask = 2147483647;
			files = (
				1A38ECC720D67ADA2D3197DB /* Pods_Pokedex.framework in Frameworks */,
			);
			runOnlyForDeploymentPostprocessing = 0;
		};
/* End PBXFrameworksBuildPhase section */

/* Begin PBXGroup section */
		1C1E9181DFA5D904887398E1 /* Pods */ = {
			isa = PBXGroup;
			children = (
				53C08AF1674C2EC561ED9D16 /* Pods-Pokedex.debug.xcconfig */,
				E7CC8C6166AD86E9E6632028 /* Pods-Pokedex.release.xcconfig */,
			);
			name = Pods;
			sourceTree = "<group>";
		};
		5BA74CC61F3F75EC00B5732F = {
			isa = PBXGroup;
			children = (
				5BA74CD11F3F75EC00B5732F /* Pokedex */,
				5BA74CD01F3F75EC00B5732F /* Products */,
				1C1E9181DFA5D904887398E1 /* Pods */,
				D7508B7F0A865A5AD42AC90A /* Frameworks */,
			);
			sourceTree = "<group>";
		};
		5BA74CD01F3F75EC00B5732F /* Products */ = {
			isa = PBXGroup;
			children = (
				5BA74CCF1F3F75EC00B5732F /* Pokedex.app */,
			);
			name = Products;
			sourceTree = "<group>";
		};
		5BA74CD11F3F75EC00B5732F /* Pokedex */ = {
			isa = PBXGroup;
			children = (
				5BA74D021F3F79CB00B5732F /* Model */,
				5BA74D051F3F7ED000B5732F /* View */,
				5BA74D0C1F3F895F00B5732F /* Controller */,
				5BA74D0D1F3F896C00B5732F /* Resources */,
				5BA74D0E1F3F898200B5732F /* Util */,
				5BA74CD21F3F75EC00B5732F /* AppDelegate.swift */,
				5BA74CD61F3F75EC00B5732F /* Main.storyboard */,
				5BA74CD91F3F75EC00B5732F /* Assets.xcassets */,
				5BA74CDB1F3F75EC00B5732F /* LaunchScreen.storyboard */,
				5BA74CDE1F3F75ED00B5732F /* Info.plist */,
			);
			path = Pokedex;
			sourceTree = "<group>";
		};
		5BA74D021F3F79CB00B5732F /* Model */ = {
			isa = PBXGroup;
			children = (
				5BA74D031F3F79E300B5732F /* Pokemon.swift */,
			);
			name = Model;
			sourceTree = "<group>";
		};
		5BA74D051F3F7ED000B5732F /* View */ = {
			isa = PBXGroup;
			children = (
				5BA74D061F3F7F0100B5732F /* PokeCell.swift */,
			);
			name = View;
			sourceTree = "<group>";
		};
		5BA74D0C1F3F895F00B5732F /* Controller */ = {
			isa = PBXGroup;
			children = (
				5BA74CD41F3F75EC00B5732F /* ViewController.swift */,
				5BA74D131F3F99FC00B5732F /* PokemonDetailVC.swift */,
			);
			name = Controller;
			sourceTree = "<group>";
		};
		5BA74D0D1F3F896C00B5732F /* Resources */ = {
			isa = PBXGroup;
			children = (
				5BA74D0F1F3F8A7700B5732F /* music.mp3 */,
				5BA74D001F3F77D400B5732F /* pokemon.csv */,
				5BA74D0A1F3F893E00B5732F /* pokemon.ttf */,
				5BA74D111F3F8AF900B5732F /* music.png */,
				5BA74D151F3F9D7D00B5732F /* back.png */,
			);
			name = Resources;
			path = ..;
			sourceTree = "<group>";
		};
		5BA74D0E1F3F898200B5732F /* Util */ = {
			isa = PBXGroup;
			children = (
				5BA74D081F3F848900B5732F /* csv.swift */,
				5BA74D171F3FC20000B5732F /* Constants.swift */,
			);
			name = Util;
			sourceTree = "<group>";
		};
		D7508B7F0A865A5AD42AC90A /* Frameworks */ = {
			isa = PBXGroup;
			children = (
				04339705C079BFDEA8DE4CAE /* Pods_Pokedex.framework */,
			);
			name = Frameworks;
			sourceTree = "<group>";
		};
/* End PBXGroup section */

/* Begin PBXNativeTarget section */
		5BA74CCE1F3F75EC00B5732F /* Pokedex */ = {
			isa = PBXNativeTarget;
			buildConfigurationList = 5BA74CF71F3F75ED00B5732F /* Build configuration list for PBXNativeTarget "Pokedex" */;
			buildPhases = (
				D04B0155FC7BE0CB593E334D /* [CP] Check Pods Manifest.lock */,
				5BA74CCB1F3F75EC00B5732F /* Sources */,
				5BA74CCC1F3F75EC00B5732F /* Frameworks */,
				5BA74CCD1F3F75EC00B5732F /* Resources */,
				44B080B999D095C70C8F72D6 /* [CP] Embed Pods Frameworks */,
				2C4400B1E25CF48AFFC13635 /* [CP] Copy Pods Resources */,
			);
			buildRules = (
			);
			dependencies = (
			);
			name = Pokedex;
			productName = Pokedex;
			productReference = 5BA74CCF1F3F75EC00B5732F /* Pokedex.app */;
			productType = "com.apple.product-type.application";
		};
/* End PBXNativeTarget section */

/* Begin PBXProject section */
		5BA74CC71F3F75EC00B5732F /* Project object */ = {
			isa = PBXProject;
			attributes = {
				LastSwiftUpdateCheck = 0830;
				LastUpgradeCheck = 0830;
				ORGANIZATIONNAME = Rodrigo;
				TargetAttributes = {
					5BA74CCE1F3F75EC00B5732F = {
						CreatedOnToolsVersion = 8.3.3;
						LastSwiftMigration = 0830;
						ProvisioningStyle = Automatic;
					};
				};
			};
			buildConfigurationList = 5BA74CCA1F3F75EC00B5732F /* Build configuration list for PBXProject "Pokedex" */;
			compatibilityVersion = "Xcode 3.2";
			developmentRegion = English;
			hasScannedForEncodings = 0;
			knownRegions = (
				en,
				Base,
			);
			mainGroup = 5BA74CC61F3F75EC00B5732F;
			productRefGroup = 5BA74CD01F3F75EC00B5732F /* Products */;
			projectDirPath = "";
			projectRoot = "";
			targets = (
				5BA74CCE1F3F75EC00B5732F /* Pokedex */,
			);
		};
/* End PBXProject section */

/* Begin PBXResourcesBuildPhase section */
		5BA74CCD1F3F75EC00B5732F /* Resources */ = {
			isa = PBXResourcesBuildPhase;
			buildActionMask = 2147483647;
			files = (
				5BA74D0B1F3F893E00B5732F /* pokemon.ttf in Resources */,
				5BA74D121F3F8AF900B5732F /* music.png in Resources */,
				5BA74CDD1F3F75EC00B5732F /* LaunchScreen.storyboard in Resources */,
				5BA74D101F3F8A7700B5732F /* music.mp3 in Resources */,
				5BA74D161F3F9D7D00B5732F /* back.png in Resources */,
				5BA74CDA1F3F75EC00B5732F /* Assets.xcassets in Resources */,
				5BA74D011F3F77D400B5732F /* pokemon.csv in Resources */,
				5BA74CD81F3F75EC00B5732F /* Main.storyboard in Resources */,
			);
			runOnlyForDeploymentPostprocessing = 0;
		};
/* End PBXResourcesBuildPhase section */

/* Begin PBXShellScriptBuildPhase section */
		2C4400B1E25CF48AFFC13635 /* [CP] Copy Pods Resources */ = {
			isa = PBXShellScriptBuildPhase;
			buildActionMask = 2147483647;
			files = (
			);
			inputPaths = (
			);
			name = "[CP] Copy Pods Resources";
			outputPaths = (
			);
			runOnlyForDeploymentPostprocessing = 0;
			shellPath = /bin/sh;
			shellScript = "\"${SRCROOT}/Pods/Target Support Files/Pods-Pokedex/Pods-Pokedex-resources.sh\"\n";
			showEnvVarsInLog = 0;
		};
		44B080B999D095C70C8F72D6 /* [CP] Embed Pods Frameworks */ = {
			isa = PBXShellScriptBuildPhase;
			buildActionMask = 2147483647;
			files = (
			);
			inputPaths = (
				"${SRCROOT}/Pods/Target Support Files/Pods-Pokedex/Pods-Pokedex-frameworks.sh",
				"${BUILT_PRODUCTS_DIR}/Alamofire/Alamofire.framework",
			);
			name = "[CP] Embed Pods Frameworks";
			outputPaths = (
				"${TARGET_BUILD_DIR}/${FRAMEWORKS_FOLDER_PATH}/Alamofire.framework",
			);
			runOnlyForDeploymentPostprocessing = 0;
			shellPath = /bin/sh;
			shellScript = "\"${SRCROOT}/Pods/Target Support Files/Pods-Pokedex/Pods-Pokedex-frameworks.sh\"\n";
			showEnvVarsInLog = 0;
		};
		D04B0155FC7BE0CB593E334D /* [CP] Check Pods Manifest.lock */ = {
			isa = PBXShellScriptBuildPhase;
			buildActionMask = 2147483647;
			files = (
			);
			inputPaths = (
				"${PODS_PODFILE_DIR_PATH}/Podfile.lock",
				"${PODS_ROOT}/Manifest.lock",
			);
			name = "[CP] Check Pods Manifest.lock";
			outputPaths = (
				"$(DERIVED_FILE_DIR)/Pods-Pokedex-checkManifestLockResult.txt",
			);
			runOnlyForDeploymentPostprocessing = 0;
			shellPath = /bin/sh;
			shellScript = "diff \"${PODS_PODFILE_DIR_PATH}/Podfile.lock\" \"${PODS_ROOT}/Manifest.lock\" > /dev/null\nif [ $? != 0 ] ; then\n    # print error to STDERR\n    echo \"error: The sandbox is not in sync with the Podfile.lock. Run 'pod install' or update your CocoaPods installation.\" >&2\n    exit 1\nfi\n# This output is used by Xcode 'outputs' to avoid re-running this script phase.\necho \"SUCCESS\" > \"${SCRIPT_OUTPUT_FILE_0}\"\n";
			showEnvVarsInLog = 0;
		};
/* End PBXShellScriptBuildPhase section */

/* Begin PBXSourcesBuildPhase section */
		5BA74CCB1F3F75EC00B5732F /* Sources */ = {
			isa = PBXSourcesBuildPhase;
			buildActionMask = 2147483647;
			files = (
				5BA74D071F3F7F0100B5732F /* PokeCell.swift in Sources */,
				5BA74CD51F3F75EC00B5732F /* ViewController.swift in Sources */,
				5BA74CD31F3F75EC00B5732F /* AppDelegate.swift in Sources */,
				5BA74D141F3F99FC00B5732F /* PokemonDetailVC.swift in Sources */,
				5BA74D181F3FC20000B5732F /* Constants.swift in Sources */,
				5BA74D041F3F79E300B5732F /* Pokemon.swift in Sources */,
				5BA74D091F3F848900B5732F /* csv.swift in Sources */,
			);
			runOnlyForDeploymentPostprocessing = 0;
		};
/* End PBXSourcesBuildPhase section */

/* Begin PBXVariantGroup section */
		5BA74CD61F3F75EC00B5732F /* Main.storyboard */ = {
			isa = PBXVariantGroup;
			children = (
				5BA74CD71F3F75EC00B5732F /* Base */,
			);
			name = Main.storyboard;
			sourceTree = "<group>";
		};
		5BA74CDB1F3F75EC00B5732F /* LaunchScreen.storyboard */ = {
			isa = PBXVariantGroup;
			children = (
				5BA74CDC1F3F75EC00B5732F /* Base */,
			);
			name = LaunchScreen.storyboard;
			sourceTree = "<group>";
		};
/* End PBXVariantGroup section */

/* Begin XCBuildConfiguration section */
		5BA74CF51F3F75ED00B5732F /* Debug */ = {
			isa = XCBuildConfiguration;
			buildSettings = {
				ALWAYS_SEARCH_USER_PATHS = NO;
				CLANG_ANALYZER_NONNULL = YES;
				CLANG_ANALYZER_NUMBER_OBJECT_CONVERSION = YES_AGGRESSIVE;
				CLANG_CXX_LANGUAGE_STANDARD = "gnu++0x";
				CLANG_CXX_LIBRARY = "libc++";
				CLANG_ENABLE_MODULES = YES;
				CLANG_ENABLE_OBJC_ARC = YES;
				CLANG_WARN_BOOL_CONVERSION = YES;
				CLANG_WARN_CONSTANT_CONVERSION = YES;
				CLANG_WARN_DIRECT_OBJC_ISA_USAGE = YES_ERROR;
				CLANG_WARN_DOCUMENTATION_COMMENTS = YES;
				CLANG_WARN_EMPTY_BODY = YES;
				CLANG_WARN_ENUM_CONVERSION = YES;
				CLANG_WARN_INFINITE_RECURSION = YES;
				CLANG_WARN_INT_CONVERSION = YES;
				CLANG_WARN_OBJC_ROOT_CLASS = YES_ERROR;
				CLANG_WARN_SUSPICIOUS_MOVE = YES;
				CLANG_WARN_UNREACHABLE_CODE = YES;
				CLANG_WARN__DUPLICATE_METHOD_MATCH = YES;
				"CODE_SIGN_IDENTITY[sdk=iphoneos*]" = "iPhone Developer";
				COPY_PHASE_STRIP = NO;
				DEBUG_INFORMATION_FORMAT = dwarf;
				ENABLE_STRICT_OBJC_MSGSEND = YES;
				ENABLE_TESTABILITY = YES;
				GCC_C_LANGUAGE_STANDARD = gnu99;
				GCC_DYNAMIC_NO_PIC = NO;
				GCC_NO_COMMON_BLOCKS = YES;
				GCC_OPTIMIZATION_LEVEL = 0;
				GCC_PREPROCESSOR_DEFINITIONS = (
					"DEBUG=1",
					"$(inherited)",
				);
				GCC_WARN_64_TO_32_BIT_CONVERSION = YES;
				GCC_WARN_ABOUT_RETURN_TYPE = YES_ERROR;
				GCC_WARN_UNDECLARED_SELECTOR = YES;
				GCC_WARN_UNINITIALIZED_AUTOS = YES_AGGRESSIVE;
				GCC_WARN_UNUSED_FUNCTION = YES;
				GCC_WARN_UNUSED_VARIABLE = YES;
				IPHONEOS_DEPLOYMENT_TARGET = 10.3;
				MTL_ENABLE_DEBUG_INFO = YES;
				ONLY_ACTIVE_ARCH = YES;
				SDKROOT = iphoneos;
				SWIFT_ACTIVE_COMPILATION_CONDITIONS = DEBUG;
				SWIFT_OPTIMIZATION_LEVEL = "-Onone";
				TARGETED_DEVICE_FAMILY = "1,2";
			};
			name = Debug;
		};
		5BA74CF61F3F75ED00B5732F /* Release */ = {
			isa = XCBuildConfiguration;
			buildSettings = {
				ALWAYS_SEARCH_USER_PATHS = NO;
				CLANG_ANALYZER_NONNULL = YES;
				CLANG_ANALYZER_NUMBER_OBJECT_CONVERSION = YES_AGGRESSIVE;
				CLANG_CXX_LANGUAGE_STANDARD = "gnu++0x";
				CLANG_CXX_LIBRARY = "libc++";
				CLANG_ENABLE_MODULES = YES;
				CLANG_ENABLE_OBJC_ARC = YES;
				CLANG_WARN_BOOL_CONVERSION = YES;
				CLANG_WARN_CONSTANT_CONVERSION = YES;
				CLANG_WARN_DIRECT_OBJC_ISA_USAGE = YES_ERROR;
				CLANG_WARN_DOCUMENTATION_COMMENTS = YES;
				CLANG_WARN_EMPTY_BODY = YES;
				CLANG_WARN_ENUM_CONVERSION = YES;
				CLANG_WARN_INFINITE_RECURSION = YES;
				CLANG_WARN_INT_CONVERSION = YES;
				CLANG_WARN_OBJC_ROOT_CLASS = YES_ERROR;
				CLANG_WARN_SUSPICIOUS_MOVE = YES;
				CLANG_WARN_UNREACHABLE_CODE = YES;
				CLANG_WARN__DUPLICATE_METHOD_MATCH = YES;
				"CODE_SIGN_IDENTITY[sdk=iphoneos*]" = "iPhone Developer";
				COPY_PHASE_STRIP = NO;
				DEBUG_INFORMATION_FORMAT = "dwarf-with-dsym";
				ENABLE_NS_ASSERTIONS = NO;
				ENABLE_STRICT_OBJC_MSGSEND = YES;
				GCC_C_LANGUAGE_STANDARD = gnu99;
				GCC_NO_COMMON_BLOCKS = YES;
				GCC_WARN_64_TO_32_BIT_CONVERSION = YES;
				GCC_WARN_ABOUT_RETURN_TYPE = YES_ERROR;
				GCC_WARN_UNDECLARED_SELECTOR = YES;
				GCC_WARN_UNINITIALIZED_AUTOS = YES_AGGRESSIVE;
				GCC_WARN_UNUSED_FUNCTION = YES;
				GCC_WARN_UNUSED_VARIABLE = YES;
				IPHONEOS_DEPLOYMENT_TARGET = 10.3;
				MTL_ENABLE_DEBUG_INFO = NO;
				SDKROOT = iphoneos;
				SWIFT_OPTIMIZATION_LEVEL = "-Owholemodule";
				TARGETED_DEVICE_FAMILY = "1,2";
				VALIDATE_PRODUCT = YES;
			};
			name = Release;
		};
		5BA74CF81F3F75ED00B5732F /* Debug */ = {
			isa = XCBuildConfiguration;
			baseConfigurationReference = 53C08AF1674C2EC561ED9D16 /* Pods-Pokedex.debug.xcconfig */;
			buildSettings = {
				ASSETCATALOG_COMPILER_APPICON_NAME = AppIcon;
				INFOPLIST_FILE = Pokedex/Info.plist;
				LD_RUNPATH_SEARCH_PATHS = "$(inherited) @executable_path/Frameworks";
				PRODUCT_BUNDLE_IDENTIFIER = com.Pokedex;
				PRODUCT_NAME = "$(TARGET_NAME)";
				SWIFT_VERSION = 3.0;
			};
			name = Debug;
		};
		5BA74CF91F3F75ED00B5732F /* Release */ = {
			isa = XCBuildConfiguration;
			baseConfigurationReference = E7CC8C6166AD86E9E6632028 /* Pods-Pokedex.release.xcconfig */;
			buildSettings = {
				ASSETCATALOG_COMPILER_APPICON_NAME = AppIcon;
				INFOPLIST_FILE = Pokedex/Info.plist;
				LD_RUNPATH_SEARCH_PATHS = "$(inherited) @executable_path/Frameworks";
				PRODUCT_BUNDLE_IDENTIFIER = com.Pokedex;
				PRODUCT_NAME = "$(TARGET_NAME)";
				SWIFT_VERSION = 3.0;
			};
			name = Release;
		};
/* End XCBuildConfiguration section */

/* Begin XCConfigurationList section */
		5BA74CCA1F3F75EC00B5732F /* Build configuration list for PBXProject "Pokedex" */ = {
			isa = XCConfigurationList;
			buildConfigurations = (
				5BA74CF51F3F75ED00B5732F /* Debug */,
				5BA74CF61F3F75ED00B5732F /* Release */,
			);
			defaultConfigurationIsVisible = 0;
			defaultConfigurationName = Release;
		};
		5BA74CF71F3F75ED00B5732F /* Build configuration list for PBXNativeTarget "Pokedex" */ = {
			isa = XCConfigurationList;
			buildConfigurations = (
				5BA74CF81F3F75ED00B5732F /* Debug */,
				5BA74CF91F3F75ED00B5732F /* Release */,
			);
			defaultConfigurationIsVisible = 0;
			defaultConfigurationName = Release;
		};
/* End XCConfigurationList section */
	};
	rootObject = 5BA74CC71F3F75EC00B5732F /* Project object */;
}
