// !$*UTF8*$!
{
	archiveVersion = 1;
	classes = {
	};
	objectVersion = 46;
	objects = {

/* Begin PBXBuildFile section */
		5B3BF3061F4F4AFB0070F12E /* Image+CoreDataClass.swift in Sources */ = {isa = PBXBuildFile; fileRef = 5B3BF2FE1F4F4AFB0070F12E /* Image+CoreDataClass.swift */; };
		5B3BF3071F4F4AFB0070F12E /* Image+CoreDataProperties.swift in Sources */ = {isa = PBXBuildFile; fileRef = 5B3BF2FF1F4F4AFB0070F12E /* Image+CoreDataProperties.swift */; };
		5B3BF3081F4F4AFB0070F12E /* Item+CoreDataClass.swift in Sources */ = {isa = PBXBuildFile; fileRef = 5B3BF3001F4F4AFB0070F12E /* Item+CoreDataClass.swift */; };
		5B3BF3091F4F4AFB0070F12E /* Item+CoreDataProperties.swift in Sources */ = {isa = PBXBuildFile; fileRef = 5B3BF3011F4F4AFB0070F12E /* Item+CoreDataProperties.swift */; };
		5B3BF30A1F4F4AFB0070F12E /* Store+CoreDataClass.swift in Sources */ = {isa = PBXBuildFile; fileRef = 5B3BF3021F4F4AFB0070F12E /* Store+CoreDataClass.swift */; };
		5B3BF30B1F4F4AFB0070F12E /* Store+CoreDataProperties.swift in Sources */ = {isa = PBXBuildFile; fileRef = 5B3BF3031F4F4AFB0070F12E /* Store+CoreDataProperties.swift */; };
		5B3BF30C1F4F4AFB0070F12E /* ItemType+CoreDataClass.swift in Sources */ = {isa = PBXBuildFile; fileRef = 5B3BF3041F4F4AFB0070F12E /* ItemType+CoreDataClass.swift */; };
		5B3BF30D1F4F4AFB0070F12E /* ItemType+CoreDataProperties.swift in Sources */ = {isa = PBXBuildFile; fileRef = 5B3BF3051F4F4AFB0070F12E /* ItemType+CoreDataProperties.swift */; };
		5B3BF3101F4F50E50070F12E /* MaterialView.swift in Sources */ = {isa = PBXBuildFile; fileRef = 5B3BF30F1F4F50E50070F12E /* MaterialView.swift */; };
		5B3BF3121F4F54F90070F12E /* ItemCell.swift in Sources */ = {isa = PBXBuildFile; fileRef = 5B3BF3111F4F54F90070F12E /* ItemCell.swift */; };
		5B3BF3151F4F6AAA0070F12E /* ItemDetailsVC.swift in Sources */ = {isa = PBXBuildFile; fileRef = 5B3BF3141F4F6AAA0070F12E /* ItemDetailsVC.swift */; };
		5B3BF3171F4F6DC60070F12E /* CustomTextField.swift in Sources */ = {isa = PBXBuildFile; fileRef = 5B3BF3161F4F6DC60070F12E /* CustomTextField.swift */; };
		5BA74D261F40A60700B5732F /* AppDelegate.swift in Sources */ = {isa = PBXBuildFile; fileRef = 5BA74D251F40A60700B5732F /* AppDelegate.swift */; };
		5BA74D281F40A60700B5732F /* MainVC.swift in Sources */ = {isa = PBXBuildFile; fileRef = 5BA74D271F40A60700B5732F /* MainVC.swift */; };
		5BA74D2B1F40A60700B5732F /* Main.storyboard in Resources */ = {isa = PBXBuildFile; fileRef = 5BA74D291F40A60700B5732F /* Main.storyboard */; };
		5BA74D2E1F40A60700B5732F /* DreamLister.xcdatamodeld in Sources */ = {isa = PBXBuildFile; fileRef = 5BA74D2C1F40A60700B5732F /* DreamLister.xcdatamodeld */; };
		5BA74D301F40A60700B5732F /* Assets.xcassets in Resources */ = {isa = PBXBuildFile; fileRef = 5BA74D2F1F40A60700B5732F /* Assets.xcassets */; };
		5BA74D331F40A60700B5732F /* LaunchScreen.storyboard in Resources */ = {isa = PBXBuildFile; fileRef = 5BA74D311F40A60700B5732F /* LaunchScreen.storyboard */; };
/* End PBXBuildFile section */

/* Begin PBXFileReference section */
		5B3BF2FE1F4F4AFB0070F12E /* Image+CoreDataClass.swift */ = {isa = PBXFileReference; fileEncoding = 4; lastKnownFileType = sourcecode.swift; path = "Image+CoreDataClass.swift"; sourceTree = "<group>"; };
		5B3BF2FF1F4F4AFB0070F12E /* Image+CoreDataProperties.swift */ = {isa = PBXFileReference; fileEncoding = 4; lastKnownFileType = sourcecode.swift; path = "Image+CoreDataProperties.swift"; sourceTree = "<group>"; };
		5B3BF3001F4F4AFB0070F12E /* Item+CoreDataClass.swift */ = {isa = PBXFileReference; fileEncoding = 4; lastKnownFileType = sourcecode.swift; path = "Item+CoreDataClass.swift"; sourceTree = "<group>"; };
		5B3BF3011F4F4AFB0070F12E /* Item+CoreDataProperties.swift */ = {isa = PBXFileReference; fileEncoding = 4; lastKnownFileType = sourcecode.swift; path = "Item+CoreDataProperties.swift"; sourceTree = "<group>"; };
		5B3BF3021F4F4AFB0070F12E /* Store+CoreDataClass.swift */ = {isa = PBXFileReference; fileEncoding = 4; lastKnownFileType = sourcecode.swift; path = "Store+CoreDataClass.swift"; sourceTree = "<group>"; };
		5B3BF3031F4F4AFB0070F12E /* Store+CoreDataProperties.swift */ = {isa = PBXFileReference; fileEncoding = 4; lastKnownFileType = sourcecode.swift; path = "Store+CoreDataProperties.swift"; sourceTree = "<group>"; };
		5B3BF3041F4F4AFB0070F12E /* ItemType+CoreDataClass.swift */ = {isa = PBXFileReference; fileEncoding = 4; lastKnownFileType = sourcecode.swift; path = "ItemType+CoreDataClass.swift"; sourceTree = "<group>"; };
		5B3BF3051F4F4AFB0070F12E /* ItemType+CoreDataProperties.swift */ = {isa = PBXFileReference; fileEncoding = 4; lastKnownFileType = sourcecode.swift; path = "ItemType+CoreDataProperties.swift"; sourceTree = "<group>"; };
		5B3BF30F1F4F50E50070F12E /* MaterialView.swift */ = {isa = PBXFileReference; fileEncoding = 4; lastKnownFileType = sourcecode.swift; path = MaterialView.swift; sourceTree = "<group>"; };
		5B3BF3111F4F54F90070F12E /* ItemCell.swift */ = {isa = PBXFileReference; fileEncoding = 4; lastKnownFileType = sourcecode.swift; path = ItemCell.swift; sourceTree = "<group>"; };
		5B3BF3141F4F6AAA0070F12E /* ItemDetailsVC.swift */ = {isa = PBXFileReference; fileEncoding = 4; lastKnownFileType = sourcecode.swift; path = ItemDetailsVC.swift; sourceTree = "<group>"; };
		5B3BF3161F4F6DC60070F12E /* CustomTextField.swift */ = {isa = PBXFileReference; fileEncoding = 4; lastKnownFileType = sourcecode.swift; path = CustomTextField.swift; sourceTree = "<group>"; };
		5BA74D221F40A60700B5732F /* DreamLister.app */ = {isa = PBXFileReference; explicitFileType = wrapper.application; includeInIndex = 0; path = DreamLister.app; sourceTree = BUILT_PRODUCTS_DIR; };
		5BA74D251F40A60700B5732F /* AppDelegate.swift */ = {isa = PBXFileReference; lastKnownFileType = sourcecode.swift; path = AppDelegate.swift; sourceTree = "<group>"; };
		5BA74D271F40A60700B5732F /* MainVC.swift */ = {isa = PBXFileReference; lastKnownFileType = sourcecode.swift; path = MainVC.swift; sourceTree = "<group>"; };
		5BA74D2A1F40A60700B5732F /* Base */ = {isa = PBXFileReference; lastKnownFileType = file.storyboard; name = Base; path = Base.lproj/Main.storyboard; sourceTree = "<group>"; };
		5BA74D2D1F40A60700B5732F /* DreamLister.xcdatamodel */ = {isa = PBXFileReference; lastKnownFileType = wrapper.xcdatamodel; path = DreamLister.xcdatamodel; sourceTree = "<group>"; };
		5BA74D2F1F40A60700B5732F /* Assets.xcassets */ = {isa = PBXFileReference; lastKnownFileType = folder.assetcatalog; path = Assets.xcassets; sourceTree = "<group>"; };
		5BA74D321F40A60700B5732F /* Base */ = {isa = PBXFileReference; lastKnownFileType = file.storyboard; name = Base; path = Base.lproj/LaunchScreen.storyboard; sourceTree = "<group>"; };
		5BA74D341F40A60700B5732F /* Info.plist */ = {isa = PBXFileReference; lastKnownFileType = text.plist.xml; path = Info.plist; sourceTree = "<group>"; };
/* End PBXFileReference section */

/* Begin PBXFrameworksBuildPhase section */
		5BA74D1F1F40A60700B5732F /* Frameworks */ = {
			isa = PBXFrameworksBuildPhase;
			buildActionMask = 2147483647;
			files = (
			);
			runOnlyForDeploymentPostprocessing = 0;
		};
/* End PBXFrameworksBuildPhase section */

/* Begin PBXGroup section */
		5B3BF2FC1F4F4A420070F12E /* Model */ = {
			isa = PBXGroup;
			children = (
				5B3BF2FE1F4F4AFB0070F12E /* Image+CoreDataClass.swift */,
				5B3BF3001F4F4AFB0070F12E /* Item+CoreDataClass.swift */,
				5B3BF3021F4F4AFB0070F12E /* Store+CoreDataClass.swift */,
				5B3BF3041F4F4AFB0070F12E /* ItemType+CoreDataClass.swift */,
				5B3BF2FD1F4F4A480070F12E /* Generated */,
			);
			name = Model;
			sourceTree = "<group>";
		};
		5B3BF2FD1F4F4A480070F12E /* Generated */ = {
			isa = PBXGroup;
			children = (
				5B3BF2FF1F4F4AFB0070F12E /* Image+CoreDataProperties.swift */,
				5B3BF3011F4F4AFB0070F12E /* Item+CoreDataProperties.swift */,
				5B3BF3031F4F4AFB0070F12E /* Store+CoreDataProperties.swift */,
				5B3BF3051F4F4AFB0070F12E /* ItemType+CoreDataProperties.swift */,
			);
			name = Generated;
			sourceTree = "<group>";
		};
		5B3BF30E1F4F50BE0070F12E /* View */ = {
			isa = PBXGroup;
			children = (
				5B3BF30F1F4F50E50070F12E /* MaterialView.swift */,
				5B3BF3111F4F54F90070F12E /* ItemCell.swift */,
				5B3BF3161F4F6DC60070F12E /* CustomTextField.swift */,
			);
			name = View;
			sourceTree = "<group>";
		};
		5B3BF3131F4F6A8C0070F12E /* Controller */ = {
			isa = PBXGroup;
			children = (
				5BA74D271F40A60700B5732F /* MainVC.swift */,
				5B3BF3141F4F6AAA0070F12E /* ItemDetailsVC.swift */,
			);
			name = Controller;
			sourceTree = "<group>";
		};
		5BA74D191F40A60700B5732F = {
			isa = PBXGroup;
			children = (
				5BA74D241F40A60700B5732F /* DreamLister */,
				5BA74D231F40A60700B5732F /* Products */,
			);
			sourceTree = "<group>";
		};
		5BA74D231F40A60700B5732F /* Products */ = {
			isa = PBXGroup;
			children = (
				5BA74D221F40A60700B5732F /* DreamLister.app */,
			);
			name = Products;
			sourceTree = "<group>";
		};
		5BA74D241F40A60700B5732F /* DreamLister */ = {
			isa = PBXGroup;
			children = (
				5B3BF2FC1F4F4A420070F12E /* Model */,
				5B3BF30E1F4F50BE0070F12E /* View */,
				5B3BF3131F4F6A8C0070F12E /* Controller */,
				5BA74D291F40A60700B5732F /* Main.storyboard */,
				5BA74D251F40A60700B5732F /* AppDelegate.swift */,
				5BA74D2F1F40A60700B5732F /* Assets.xcassets */,
				5BA74D311F40A60700B5732F /* LaunchScreen.storyboard */,
				5BA74D341F40A60700B5732F /* Info.plist */,
				5BA74D2C1F40A60700B5732F /* DreamLister.xcdatamodeld */,
			);
			path = DreamLister;
			sourceTree = "<group>";
		};
/* End PBXGroup section */

/* Begin PBXNativeTarget section */
		5BA74D211F40A60700B5732F /* DreamLister */ = {
			isa = PBXNativeTarget;
			buildConfigurationList = 5BA74D371F40A60700B5732F /* Build configuration list for PBXNativeTarget "DreamLister" */;
			buildPhases = (
				5BA74D1E1F40A60700B5732F /* Sources */,
				5BA74D1F1F40A60700B5732F /* Frameworks */,
				5BA74D201F40A60700B5732F /* Resources */,
			);
			buildRules = (
			);
			dependencies = (
			);
			name = DreamLister;
			productName = DreamLister;
			productReference = 5BA74D221F40A60700B5732F /* DreamLister.app */;
			productType = "com.apple.product-type.application";
		};
/* End PBXNativeTarget section */

/* Begin PBXProject section */
		5BA74D1A1F40A60700B5732F /* Project object */ = {
			isa = PBXProject;
			attributes = {
				LastSwiftUpdateCheck = 0830;
				LastUpgradeCheck = 0830;
				ORGANIZATIONNAME = Rodrigo;
				TargetAttributes = {
					5BA74D211F40A60700B5732F = {
						CreatedOnToolsVersion = 8.3.3;
						ProvisioningStyle = Automatic;
					};
				};
			};
			buildConfigurationList = 5BA74D1D1F40A60700B5732F /* Build configuration list for PBXProject "DreamLister" */;
			compatibilityVersion = "Xcode 3.2";
			developmentRegion = English;
			hasScannedForEncodings = 0;
			knownRegions = (
				en,
				Base,
			);
			mainGroup = 5BA74D191F40A60700B5732F;
			productRefGroup = 5BA74D231F40A60700B5732F /* Products */;
			projectDirPath = "";
			projectRoot = "";
			targets = (
				5BA74D211F40A60700B5732F /* DreamLister */,
			);
		};
/* End PBXProject section */

/* Begin PBXResourcesBuildPhase section */
		5BA74D201F40A60700B5732F /* Resources */ = {
			isa = PBXResourcesBuildPhase;
			buildActionMask = 2147483647;
			files = (
				5BA74D331F40A60700B5732F /* LaunchScreen.storyboard in Resources */,
				5BA74D301F40A60700B5732F /* Assets.xcassets in Resources */,
				5BA74D2B1F40A60700B5732F /* Main.storyboard in Resources */,
			);
			runOnlyForDeploymentPostprocessing = 0;
		};
/* End PBXResourcesBuildPhase section */

/* Begin PBXSourcesBuildPhase section */
		5BA74D1E1F40A60700B5732F /* Sources */ = {
			isa = PBXSourcesBuildPhase;
			buildActionMask = 2147483647;
			files = (
				5B3BF3121F4F54F90070F12E /* ItemCell.swift in Sources */,
				5B3BF3091F4F4AFB0070F12E /* Item+CoreDataProperties.swift in Sources */,
				5B3BF3081F4F4AFB0070F12E /* Item+CoreDataClass.swift in Sources */,
				5B3BF30C1F4F4AFB0070F12E /* ItemType+CoreDataClass.swift in Sources */,
				5B3BF3101F4F50E50070F12E /* MaterialView.swift in Sources */,
				5BA74D281F40A60700B5732F /* MainVC.swift in Sources */,
				5B3BF3071F4F4AFB0070F12E /* Image+CoreDataProperties.swift in Sources */,
				5B3BF30B1F4F4AFB0070F12E /* Store+CoreDataProperties.swift in Sources */,
				5B3BF3151F4F6AAA0070F12E /* ItemDetailsVC.swift in Sources */,
				5BA74D261F40A60700B5732F /* AppDelegate.swift in Sources */,
				5B3BF30D1F4F4AFB0070F12E /* ItemType+CoreDataProperties.swift in Sources */,
				5B3BF30A1F4F4AFB0070F12E /* Store+CoreDataClass.swift in Sources */,
				5BA74D2E1F40A60700B5732F /* DreamLister.xcdatamodeld in Sources */,
				5B3BF3061F4F4AFB0070F12E /* Image+CoreDataClass.swift in Sources */,
				5B3BF3171F4F6DC60070F12E /* CustomTextField.swift in Sources */,
			);
			runOnlyForDeploymentPostprocessing = 0;
		};
/* End PBXSourcesBuildPhase section */

/* Begin PBXVariantGroup section */
		5BA74D291F40A60700B5732F /* Main.storyboard */ = {
			isa = PBXVariantGroup;
			children = (
				5BA74D2A1F40A60700B5732F /* Base */,
			);
			name = Main.storyboard;
			sourceTree = "<group>";
		};
		5BA74D311F40A60700B5732F /* LaunchScreen.storyboard */ = {
			isa = PBXVariantGroup;
			children = (
				5BA74D321F40A60700B5732F /* Base */,
			);
			name = LaunchScreen.storyboard;
			sourceTree = "<group>";
		};
/* End PBXVariantGroup section */

/* Begin XCBuildConfiguration section */
		5BA74D351F40A60700B5732F /* Debug */ = {
			isa = XCBuildConfiguration;
			buildSettings = {
				ALWAYS_SEARCH_USER_PATHS = NO;
				CLANG_ANALYZER_NONNULL = YES;
				CLANG_ANALYZER_NUMBER_OBJECT_CONVERSION = YES_AGGRESSIVE;
				CLANG_CXX_LANGUAGE_STANDARD = "gnu++0x";
				CLANG_CXX_LIBRARY = "libc++";
				CLANG_ENABLE_MODULES = YES;
				CLANG_ENABLE_OBJC_ARC = YES;
				CLANG_WARN_BOOL_CONVERSION = YES;
				CLANG_WARN_CONSTANT_CONVERSION = YES;
				CLANG_WARN_DIRECT_OBJC_ISA_USAGE = YES_ERROR;
				CLANG_WARN_DOCUMENTATION_COMMENTS = YES;
				CLANG_WARN_EMPTY_BODY = YES;
				CLANG_WARN_ENUM_CONVERSION = YES;
				CLANG_WARN_INFINITE_RECURSION = YES;
				CLANG_WARN_INT_CONVERSION = YES;
				CLANG_WARN_OBJC_ROOT_CLASS = YES_ERROR;
				CLANG_WARN_SUSPICIOUS_MOVE = YES;
				CLANG_WARN_UNREACHABLE_CODE = YES;
				CLANG_WARN__DUPLICATE_METHOD_MATCH = YES;
				"CODE_SIGN_IDENTITY[sdk=iphoneos*]" = "iPhone Developer";
				COPY_PHASE_STRIP = NO;
				DEBUG_INFORMATION_FORMAT = dwarf;
				ENABLE_STRICT_OBJC_MSGSEND = YES;
				ENABLE_TESTABILITY = YES;
				GCC_C_LANGUAGE_STANDARD = gnu99;
				GCC_DYNAMIC_NO_PIC = NO;
				GCC_NO_COMMON_BLOCKS = YES;
				GCC_OPTIMIZATION_LEVEL = 0;
				GCC_PREPROCESSOR_DEFINITIONS = (
					"DEBUG=1",
					"$(inherited)",
				);
				GCC_WARN_64_TO_32_BIT_CONVERSION = YES;
				GCC_WARN_ABOUT_RETURN_TYPE = YES_ERROR;
				GCC_WARN_UNDECLARED_SELECTOR = YES;
				GCC_WARN_UNINITIALIZED_AUTOS = YES_AGGRESSIVE;
				GCC_WARN_UNUSED_FUNCTION = YES;
				GCC_WARN_UNUSED_VARIABLE = YES;
				IPHONEOS_DEPLOYMENT_TARGET = 10.3;
				MTL_ENABLE_DEBUG_INFO = YES;
				ONLY_ACTIVE_ARCH = YES;
				SDKROOT = iphoneos;
				SWIFT_ACTIVE_COMPILATION_CONDITIONS = DEBUG;
				SWIFT_OPTIMIZATION_LEVEL = "-Onone";
				TARGETED_DEVICE_FAMILY = "1,2";
			};
			name = Debug;
		};
		5BA74D361F40A60700B5732F /* Release */ = {
			isa = XCBuildConfiguration;
			buildSettings = {
				ALWAYS_SEARCH_USER_PATHS = NO;
				CLANG_ANALYZER_NONNULL = YES;
				CLANG_ANALYZER_NUMBER_OBJECT_CONVERSION = YES_AGGRESSIVE;
				CLANG_CXX_LANGUAGE_STANDARD = "gnu++0x";
				CLANG_CXX_LIBRARY = "libc++";
				CLANG_ENABLE_MODULES = YES;
				CLANG_ENABLE_OBJC_ARC = YES;
				CLANG_WARN_BOOL_CONVERSION = YES;
				CLANG_WARN_CONSTANT_CONVERSION = YES;
				CLANG_WARN_DIRECT_OBJC_ISA_USAGE = YES_ERROR;
				CLANG_WARN_DOCUMENTATION_COMMENTS = YES;
				CLANG_WARN_EMPTY_BODY = YES;
				CLANG_WARN_ENUM_CONVERSION = YES;
				CLANG_WARN_INFINITE_RECURSION = YES;
				CLANG_WARN_INT_CONVERSION = YES;
				CLANG_WARN_OBJC_ROOT_CLASS = YES_ERROR;
				CLANG_WARN_SUSPICIOUS_MOVE = YES;
				CLANG_WARN_UNREACHABLE_CODE = YES;
				CLANG_WARN__DUPLICATE_METHOD_MATCH = YES;
				"CODE_SIGN_IDENTITY[sdk=iphoneos*]" = "iPhone Developer";
				COPY_PHASE_STRIP = NO;
				DEBUG_INFORMATION_FORMAT = "dwarf-with-dsym";
				ENABLE_NS_ASSERTIONS = NO;
				ENABLE_STRICT_OBJC_MSGSEND = YES;
				GCC_C_LANGUAGE_STANDARD = gnu99;
				GCC_NO_COMMON_BLOCKS = YES;
				GCC_WARN_64_TO_32_BIT_CONVERSION = YES;
				GCC_WARN_ABOUT_RETURN_TYPE = YES_ERROR;
				GCC_WARN_UNDECLARED_SELECTOR = YES;
				GCC_WARN_UNINITIALIZED_AUTOS = YES_AGGRESSIVE;
				GCC_WARN_UNUSED_FUNCTION = YES;
				GCC_WARN_UNUSED_VARIABLE = YES;
				IPHONEOS_DEPLOYMENT_TARGET = 10.3;
				MTL_ENABLE_DEBUG_INFO = NO;
				SDKROOT = iphoneos;
				SWIFT_OPTIMIZATION_LEVEL = "-Owholemodule";
				TARGETED_DEVICE_FAMILY = "1,2";
				VALIDATE_PRODUCT = YES;
			};
			name = Release;
		};
		5BA74D381F40A60700B5732F /* Debug */ = {
			isa = XCBuildConfiguration;
			buildSettings = {
				ASSETCATALOG_COMPILER_APPICON_NAME = AppIcon;
				INFOPLIST_FILE = DreamLister/Info.plist;
				LD_RUNPATH_SEARCH_PATHS = "$(inherited) @executable_path/Frameworks";
				PRODUCT_BUNDLE_IDENTIFIER = com.DreamLister;
				PRODUCT_NAME = "$(TARGET_NAME)";
				SWIFT_VERSION = 3.0;
			};
			name = Debug;
		};
		5BA74D391F40A60700B5732F /* Release */ = {
			isa = XCBuildConfiguration;
			buildSettings = {
				ASSETCATALOG_COMPILER_APPICON_NAME = AppIcon;
				INFOPLIST_FILE = DreamLister/Info.plist;
				LD_RUNPATH_SEARCH_PATHS = "$(inherited) @executable_path/Frameworks";
				PRODUCT_BUNDLE_IDENTIFIER = com.DreamLister;
				PRODUCT_NAME = "$(TARGET_NAME)";
				SWIFT_VERSION = 3.0;
			};
			name = Release;
		};
/* End XCBuildConfiguration section */

/* Begin XCConfigurationList section */
		5BA74D1D1F40A60700B5732F /* Build configuration list for PBXProject "DreamLister" */ = {
			isa = XCConfigurationList;
			buildConfigurations = (
				5BA74D351F40A60700B5732F /* Debug */,
				5BA74D361F40A60700B5732F /* Release */,
			);
			defaultConfigurationIsVisible = 0;
			defaultConfigurationName = Release;
		};
		5BA74D371F40A60700B5732F /* Build configuration list for PBXNativeTarget "DreamLister" */ = {
			isa = XCConfigurationList;
			buildConfigurations = (
				5BA74D381F40A60700B5732F /* Debug */,
				5BA74D391F40A60700B5732F /* Release */,
			);
			defaultConfigurationIsVisible = 0;
			defaultConfigurationName = Release;
		};
/* End XCConfigurationList section */

/* Begin XCVersionGroup section */
		5BA74D2C1F40A60700B5732F /* DreamLister.xcdatamodeld */ = {
			isa = XCVersionGroup;
			children = (
				5BA74D2D1F40A60700B5732F /* DreamLister.xcdatamodel */,
			);
			currentVersion = 5BA74D2D1F40A60700B5732F /* DreamLister.xcdatamodel */;
			path = DreamLister.xcdatamodeld;
			sourceTree = "<group>";
			versionGroupType = wrapper.xcdatamodel;
		};
/* End XCVersionGroup section */
	};
	rootObject = 5BA74D1A1F40A60700B5732F /* Project object */;
}
